
Microsoft Visual Studio Solution File, Format Version 12.00
# Visual Studio Version 17
VisualStudioVersion = 17.14.36414.22 d17.14
MinimumVisualStudioVersion = 10.0.40219.1
Project("{FAE04EC0-301F-11D3-BF4B-00C04F79EFBC}") = "CLI File Organizer", "CLI File Organizer\CLI File Organizer.csproj", "{A61C6EAC-C231-4AA2-B596-ADF1679E8B2D}"
EndProject
Global
	GlobalSection(SolutionConfigurationPlatforms) = preSolution
		Debug|Any CPU = Debug|Any CPU
		Release|Any CPU = Release|Any CPU
	EndGlobalSection
	GlobalSection(ProjectConfigurationPlatforms) = postSolution
		{A61C6EAC-C231-4AA2-B596-ADF1679E8B2D}.Debug|Any CPU.ActiveCfg = Debug|Any CPU
		{A61C6EAC-C231-4AA2-B596-ADF1679E8B2D}.Debug|Any CPU.Build.0 = Debug|Any CPU
		{A61C6EAC-C231-4AA2-B596-ADF1679E8B2D}.Release|Any CPU.ActiveCfg = Release|Any CPU
		{A61C6EAC-C231-4AA2-B596-ADF1679E8B2D}.Release|Any CPU.Build.0 = Release|Any CPU
	EndGlobalSection
	GlobalSection(SolutionProperties) = preSolution
		HideSolutionNode = FALSE
	EndGlobalSection
	GlobalSection(ExtensibilityGlobals) = postSolution
		SolutionGuid = {84706D7F-0BF7-4B87-A131-5DC5DD3E2C4E}
	EndGlobalSection
EndGlobal
